
Microsoft Visual Studio Solution File, Format Version 12.00
# Visual Studio Version 17
VisualStudioVersion = 17.0.31903.59
MinimumVisualStudioVersion = 10.0.40219.1
Project("{FAE04EC0-301F-11D3-BF4B-00C04F79EFBC}") = "Web.Api", "Web.Api\Web.Api.csproj", "{89AC96A7-534D-4C45-9857-2FB0ADBF5B33}"
EndProject
Project("{FAE04EC0-301F-11D3-BF4B-00C04F79EFBC}") = "DataAccessLayer", "DataAccessLayer\DataAccessLayer.csproj", "{1D0BCED1-1C3A-4BE7-9C7D-E79274CED1AD}"
EndProject
Project("{FAE04EC0-301F-11D3-BF4B-00C04F79EFBC}") = "BusinessLayer", "BusinessLayer\BusinessLayer.csproj", "{6F9021D9-7675-446C-9AD0-1F6E4E9C7AA3}"
EndProject
Project("{FAE04EC0-301F-11D3-BF4B-00C04F79EFBC}") = "CSharpEssentials.HttpHelper", "..\..\Project_Pixelo\CSharp.Essentials\CSharpEssentials.HttpHelper\CSharpEssentials.HttpHelper.csproj", "{482FAC57-B2B8-FD91-7683-E301826837D8}"
EndProject
Project("{FAE04EC0-301F-11D3-BF4B-00C04F79EFBC}") = "CSharpEssentials.LoggerHelper", "..\..\Project_Pixelo\CSharp.Essentials\CSharpEssentials.LoggerHelper\CSharpEssentials.LoggerHelper.csproj", "{B3E52614-11C5-A971-F733-6F31A2C6FD33}"
EndProject
Project("{FAE04EC0-301F-11D3-BF4B-00C04F79EFBC}") = "CSharpEssentials.LoggerHelper.Sink.Console", "..\..\Project_Pixelo\CSharp.Essentials\CSharpEssentials.LoggerHelper.Sink.Console\CSharpEssentials.LoggerHelper.Sink.Console.csproj", "{6F86EAF9-3DD0-2CD6-0151-6870D122D246}"
EndProject
Project("{FAE04EC0-301F-11D3-BF4B-00C04F79EFBC}") = "CSharpEssentials.LoggerHelper.Sink.File", "..\..\Project_Pixelo\CSharp.Essentials\CSharpEssentials.LoggerHelper.Sink.File\CSharpEssentials.LoggerHelper.Sink.File.csproj", "{5E0BDC38-24AA-E2E7-0CAB-7C655D788D39}"
EndProject
Global
	GlobalSection(SolutionConfigurationPlatforms) = preSolution
		Debug|Any CPU = Debug|Any CPU
		Debug|x64 = Debug|x64
		Debug|x86 = Debug|x86
		Release|Any CPU = Release|Any CPU
		Release|x64 = Release|x64
		Release|x86 = Release|x86
	EndGlobalSection
	GlobalSection(ProjectConfigurationPlatforms) = postSolution
		{89AC96A7-534D-4C45-9857-2FB0ADBF5B33}.Debug|Any CPU.ActiveCfg = Debug|Any CPU
		{89AC96A7-534D-4C45-9857-2FB0ADBF5B33}.Debug|Any CPU.Build.0 = Debug|Any CPU
		{89AC96A7-534D-4C45-9857-2FB0ADBF5B33}.Debug|x64.ActiveCfg = Debug|Any CPU
		{89AC96A7-534D-4C45-9857-2FB0ADBF5B33}.Debug|x64.Build.0 = Debug|Any CPU
		{89AC96A7-534D-4C45-9857-2FB0ADBF5B33}.Debug|x86.ActiveCfg = Debug|Any CPU
		{89AC96A7-534D-4C45-9857-2FB0ADBF5B33}.Debug|x86.Build.0 = Debug|Any CPU
		{89AC96A7-534D-4C45-9857-2FB0ADBF5B33}.Release|Any CPU.ActiveCfg = Release|Any CPU
		{89AC96A7-534D-4C45-9857-2FB0ADBF5B33}.Release|Any CPU.Build.0 = Release|Any CPU
		{89AC96A7-534D-4C45-9857-2FB0ADBF5B33}.Release|x64.ActiveCfg = Release|Any CPU
		{89AC96A7-534D-4C45-9857-2FB0ADBF5B33}.Release|x64.Build.0 = Release|Any CPU
		{89AC96A7-534D-4C45-9857-2FB0ADBF5B33}.Release|x86.ActiveCfg = Release|Any CPU
		{89AC96A7-534D-4C45-9857-2FB0ADBF5B33}.Release|x86.Build.0 = Release|Any CPU
		{1D0BCED1-1C3A-4BE7-9C7D-E79274CED1AD}.Debug|Any CPU.ActiveCfg = Debug|Any CPU
		{1D0BCED1-1C3A-4BE7-9C7D-E79274CED1AD}.Debug|Any CPU.Build.0 = Debug|Any CPU
		{1D0BCED1-1C3A-4BE7-9C7D-E79274CED1AD}.Debug|x64.ActiveCfg = Debug|Any CPU
		{1D0BCED1-1C3A-4BE7-9C7D-E79274CED1AD}.Debug|x64.Build.0 = Debug|Any CPU
		{1D0BCED1-1C3A-4BE7-9C7D-E79274CED1AD}.Debug|x86.ActiveCfg = Debug|Any CPU
		{1D0BCED1-1C3A-4BE7-9C7D-E79274CED1AD}.Debug|x86.Build.0 = Debug|Any CPU
		{1D0BCED1-1C3A-4BE7-9C7D-E79274CED1AD}.Release|Any CPU.ActiveCfg = Release|Any CPU
		{1D0BCED1-1C3A-4BE7-9C7D-E79274CED1AD}.Release|Any CPU.Build.0 = Release|Any CPU
		{1D0BCED1-1C3A-4BE7-9C7D-E79274CED1AD}.Release|x64.ActiveCfg = Release|Any CPU
		{1D0BCED1-1C3A-4BE7-9C7D-E79274CED1AD}.Release|x64.Build.0 = Release|Any CPU
		{1D0BCED1-1C3A-4BE7-9C7D-E79274CED1AD}.Release|x86.ActiveCfg = Release|Any CPU
		{1D0BCED1-1C3A-4BE7-9C7D-E79274CED1AD}.Release|x86.Build.0 = Release|Any CPU
		{6F9021D9-7675-446C-9AD0-1F6E4E9C7AA3}.Debug|Any CPU.ActiveCfg = Debug|Any CPU
		{6F9021D9-7675-446C-9AD0-1F6E4E9C7AA3}.Debug|Any CPU.Build.0 = Debug|Any CPU
		{6F9021D9-7675-446C-9AD0-1F6E4E9C7AA3}.Debug|x64.ActiveCfg = Debug|Any CPU
		{6F9021D9-7675-446C-9AD0-1F6E4E9C7AA3}.Debug|x64.Build.0 = Debug|Any CPU
		{6F9021D9-7675-446C-9AD0-1F6E4E9C7AA3}.Debug|x86.ActiveCfg = Debug|Any CPU
		{6F9021D9-7675-446C-9AD0-1F6E4E9C7AA3}.Debug|x86.Build.0 = Debug|Any CPU
		{6F9021D9-7675-446C-9AD0-1F6E4E9C7AA3}.Release|Any CPU.ActiveCfg = Release|Any CPU
		{6F9021D9-7675-446C-9AD0-1F6E4E9C7AA3}.Release|Any CPU.Build.0 = Release|Any CPU
		{6F9021D9-7675-446C-9AD0-1F6E4E9C7AA3}.Release|x64.ActiveCfg = Release|Any CPU
		{6F9021D9-7675-446C-9AD0-1F6E4E9C7AA3}.Release|x64.Build.0 = Release|Any CPU
		{6F9021D9-7675-446C-9AD0-1F6E4E9C7AA3}.Release|x86.ActiveCfg = Release|Any CPU
		{6F9021D9-7675-446C-9AD0-1F6E4E9C7AA3}.Release|x86.Build.0 = Release|Any CPU
		{482FAC57-B2B8-FD91-7683-E301826837D8}.Debug|Any CPU.ActiveCfg = Debug|Any CPU
		{482FAC57-B2B8-FD91-7683-E301826837D8}.Debug|Any CPU.Build.0 = Debug|Any CPU
		{482FAC57-B2B8-FD91-7683-E301826837D8}.Debug|x64.ActiveCfg = Debug|Any CPU
		{482FAC57-B2B8-FD91-7683-E301826837D8}.Debug|x64.Build.0 = Debug|Any CPU
		{482FAC57-B2B8-FD91-7683-E301826837D8}.Debug|x86.ActiveCfg = Debug|Any CPU
		{482FAC57-B2B8-FD91-7683-E301826837D8}.Debug|x86.Build.0 = Debug|Any CPU
		{482FAC57-B2B8-FD91-7683-E301826837D8}.Release|Any CPU.ActiveCfg = Release|Any CPU
		{482FAC57-B2B8-FD91-7683-E301826837D8}.Release|Any CPU.Build.0 = Release|Any CPU
		{482FAC57-B2B8-FD91-7683-E301826837D8}.Release|x64.ActiveCfg = Release|Any CPU
		{482FAC57-B2B8-FD91-7683-E301826837D8}.Release|x64.Build.0 = Release|Any CPU
		{482FAC57-B2B8-FD91-7683-E301826837D8}.Release|x86.ActiveCfg = Release|Any CPU
		{482FAC57-B2B8-FD91-7683-E301826837D8}.Release|x86.Build.0 = Release|Any CPU
		{B3E52614-11C5-A971-F733-6F31A2C6FD33}.Debug|Any CPU.ActiveCfg = Debug|Any CPU
		{B3E52614-11C5-A971-F733-6F31A2C6FD33}.Debug|Any CPU.Build.0 = Debug|Any CPU
		{B3E52614-11C5-A971-F733-6F31A2C6FD33}.Debug|x64.ActiveCfg = Debug|Any CPU
		{B3E52614-11C5-A971-F733-6F31A2C6FD33}.Debug|x64.Build.0 = Debug|Any CPU
		{B3E52614-11C5-A971-F733-6F31A2C6FD33}.Debug|x86.ActiveCfg = Debug|Any CPU
		{B3E52614-11C5-A971-F733-6F31A2C6FD33}.Debug|x86.Build.0 = Debug|Any CPU
		{B3E52614-11C5-A971-F733-6F31A2C6FD33}.Release|Any CPU.ActiveCfg = Release|Any CPU
		{B3E52614-11C5-A971-F733-6F31A2C6FD33}.Release|Any CPU.Build.0 = Release|Any CPU
		{B3E52614-11C5-A971-F733-6F31A2C6FD33}.Release|x64.ActiveCfg = Release|Any CPU
		{B3E52614-11C5-A971-F733-6F31A2C6FD33}.Release|x64.Build.0 = Release|Any CPU
		{B3E52614-11C5-A971-F733-6F31A2C6FD33}.Release|x86.ActiveCfg = Release|Any CPU
		{B3E52614-11C5-A971-F733-6F31A2C6FD33}.Release|x86.Build.0 = Release|Any CPU
		{6F86EAF9-3DD0-2CD6-0151-6870D122D246}.Debug|Any CPU.ActiveCfg = Debug|Any CPU
		{6F86EAF9-3DD0-2CD6-0151-6870D122D246}.Debug|Any CPU.Build.0 = Debug|Any CPU
		{6F86EAF9-3DD0-2CD6-0151-6870D122D246}.Debug|x64.ActiveCfg = Debug|Any CPU
		{6F86EAF9-3DD0-2CD6-0151-6870D122D246}.Debug|x64.Build.0 = Debug|Any CPU
		{6F86EAF9-3DD0-2CD6-0151-6870D122D246}.Debug|x86.ActiveCfg = Debug|Any CPU
		{6F86EAF9-3DD0-2CD6-0151-6870D122D246}.Debug|x86.Build.0 = Debug|Any CPU
		{6F86EAF9-3DD0-2CD6-0151-6870D122D246}.Release|Any CPU.ActiveCfg = Release|Any CPU
		{6F86EAF9-3DD0-2CD6-0151-6870D122D246}.Release|Any CPU.Build.0 = Release|Any CPU
		{6F86EAF9-3DD0-2CD6-0151-6870D122D246}.Release|x64.ActiveCfg = Release|Any CPU
		{6F86EAF9-3DD0-2CD6-0151-6870D122D246}.Release|x64.Build.0 = Release|Any CPU
		{6F86EAF9-3DD0-2CD6-0151-6870D122D246}.Release|x86.ActiveCfg = Release|Any CPU
		{6F86EAF9-3DD0-2CD6-0151-6870D122D246}.Release|x86.Build.0 = Release|Any CPU
		{5E0BDC38-24AA-E2E7-0CAB-7C655D788D39}.Debug|Any CPU.ActiveCfg = Debug|Any CPU
		{5E0BDC38-24AA-E2E7-0CAB-7C655D788D39}.Debug|Any CPU.Build.0 = Debug|Any CPU
		{5E0BDC38-24AA-E2E7-0CAB-7C655D788D39}.Debug|x64.ActiveCfg = Debug|Any CPU
		{5E0BDC38-24AA-E2E7-0CAB-7C655D788D39}.Debug|x64.Build.0 = Debug|Any CPU
		{5E0BDC38-24AA-E2E7-0CAB-7C655D788D39}.Debug|x86.ActiveCfg = Debug|Any CPU
		{5E0BDC38-24AA-E2E7-0CAB-7C655D788D39}.Debug|x86.Build.0 = Debug|Any CPU
		{5E0BDC38-24AA-E2E7-0CAB-7C655D788D39}.Release|Any CPU.ActiveCfg = Release|Any CPU
		{5E0BDC38-24AA-E2E7-0CAB-7C655D788D39}.Release|Any CPU.Build.0 = Release|Any CPU
		{5E0BDC38-24AA-E2E7-0CAB-7C655D788D39}.Release|x64.ActiveCfg = Release|Any CPU
		{5E0BDC38-24AA-E2E7-0CAB-7C655D788D39}.Release|x64.Build.0 = Release|Any CPU
		{5E0BDC38-24AA-E2E7-0CAB-7C655D788D39}.Release|x86.ActiveCfg = Release|Any CPU
		{5E0BDC38-24AA-E2E7-0CAB-7C655D788D39}.Release|x86.Build.0 = Release|Any CPU
	EndGlobalSection
	GlobalSection(SolutionProperties) = preSolution
		HideSolutionNode = FALSE
	EndGlobalSection
	GlobalSection(ExtensibilityGlobals) = postSolution
		SolutionGuid = {5217D605-7B40-40F0-9FD6-2A9D5D23268D}
	EndGlobalSection
EndGlobal
