
Microsoft Visual Studio Solution File, Format Version 12.00
# Visual Studio Version 17
VisualStudioVersion = 17.0.31903.59
MinimumVisualStudioVersion = 10.0.40219.1
Project("{FAE04EC0-301F-11D3-BF4B-00C04F79EFBC}") = "Web.Api", "Web.Api\Web.Api.csproj", "{89AC96A7-534D-4C45-9857-2FB0ADBF5B33}"
EndProject
Project("{FAE04EC0-301F-11D3-BF4B-00C04F79EFBC}") = "DataAccessLayer", "DataAccessLayer\DataAccessLayer.csproj", "{1D0BCED1-1C3A-4BE7-9C7D-E79274CED1AD}"
EndProject
Project("{FAE04EC0-301F-11D3-BF4B-00C04F79EFBC}") = "BusinessLayer", "BusinessLayer\BusinessLayer.csproj", "{6F9021D9-7675-446C-9AD0-1F6E4E9C7AA3}"
EndProject
Project("{FAE04EC0-301F-11D3-BF4B-00C04F79EFBC}") = "CSharpEssentials.LoggerHelper", "..\CsharpEssentials\CSharpEssentials.LoggerHelper\CSharpEssentials.LoggerHelper.csproj", "{6ED27450-EBD4-C702-7405-EE784D9DB9D2}"
EndProject
Project("{FAE04EC0-301F-11D3-BF4B-00C04F79EFBC}") = "CSharpEssentials.LoggerHelper.AI", "..\CsharpEssentials\CSharpEssentials.LoggerHelper.AI\CSharpEssentials.LoggerHelper.AI.csproj", "{91A6BDAE-BFED-DDF7-3FB3-DF56F3E83754}"
EndProject
Project("{FAE04EC0-301F-11D3-BF4B-00C04F79EFBC}") = "CSharpEssentials.LoggerHelper.Telemetry", "..\CsharpEssentials\CSharpEssentials.LoggerHelper.Telemetry\CSharpEssentials.LoggerHelper.Telemetry.csproj", "{77A1D790-50D1-AEA0-6A79-92F0F135AC44}"
EndProject
Global
	GlobalSection(SolutionConfigurationPlatforms) = preSolution
		Debug|Any CPU = Debug|Any CPU
		Debug|x64 = Debug|x64
		Debug|x86 = Debug|x86
		Release|Any CPU = Release|Any CPU
		Release|x64 = Release|x64
		Release|x86 = Release|x86
	EndGlobalSection
	GlobalSection(ProjectConfigurationPlatforms) = postSolution
		{89AC96A7-534D-4C45-9857-2FB0ADBF5B33}.Debug|Any CPU.ActiveCfg = Debug|Any CPU
		{89AC96A7-534D-4C45-9857-2FB0ADBF5B33}.Debug|Any CPU.Build.0 = Debug|Any CPU
		{89AC96A7-534D-4C45-9857-2FB0ADBF5B33}.Debug|x64.ActiveCfg = Debug|Any CPU
		{89AC96A7-534D-4C45-9857-2FB0ADBF5B33}.Debug|x64.Build.0 = Debug|Any CPU
		{89AC96A7-534D-4C45-9857-2FB0ADBF5B33}.Debug|x86.ActiveCfg = Debug|Any CPU
		{89AC96A7-534D-4C45-9857-2FB0ADBF5B33}.Debug|x86.Build.0 = Debug|Any CPU
		{89AC96A7-534D-4C45-9857-2FB0ADBF5B33}.Release|Any CPU.ActiveCfg = Release|Any CPU
		{89AC96A7-534D-4C45-9857-2FB0ADBF5B33}.Release|Any CPU.Build.0 = Release|Any CPU
		{89AC96A7-534D-4C45-9857-2FB0ADBF5B33}.Release|x64.ActiveCfg = Release|Any CPU
		{89AC96A7-534D-4C45-9857-2FB0ADBF5B33}.Release|x64.Build.0 = Release|Any CPU
		{89AC96A7-534D-4C45-9857-2FB0ADBF5B33}.Release|x86.ActiveCfg = Release|Any CPU
		{89AC96A7-534D-4C45-9857-2FB0ADBF5B33}.Release|x86.Build.0 = Release|Any CPU
		{1D0BCED1-1C3A-4BE7-9C7D-E79274CED1AD}.Debug|Any CPU.ActiveCfg = Debug|Any CPU
		{1D0BCED1-1C3A-4BE7-9C7D-E79274CED1AD}.Debug|Any CPU.Build.0 = Debug|Any CPU
		{1D0BCED1-1C3A-4BE7-9C7D-E79274CED1AD}.Debug|x64.ActiveCfg = Debug|Any CPU
		{1D0BCED1-1C3A-4BE7-9C7D-E79274CED1AD}.Debug|x64.Build.0 = Debug|Any CPU
		{1D0BCED1-1C3A-4BE7-9C7D-E79274CED1AD}.Debug|x86.ActiveCfg = Debug|Any CPU
		{1D0BCED1-1C3A-4BE7-9C7D-E79274CED1AD}.Debug|x86.Build.0 = Debug|Any CPU
		{1D0BCED1-1C3A-4BE7-9C7D-E79274CED1AD}.Release|Any CPU.ActiveCfg = Release|Any CPU
		{1D0BCED1-1C3A-4BE7-9C7D-E79274CED1AD}.Release|Any CPU.Build.0 = Release|Any CPU
		{1D0BCED1-1C3A-4BE7-9C7D-E79274CED1AD}.Release|x64.ActiveCfg = Release|Any CPU
		{1D0BCED1-1C3A-4BE7-9C7D-E79274CED1AD}.Release|x64.Build.0 = Release|Any CPU
		{1D0BCED1-1C3A-4BE7-9C7D-E79274CED1AD}.Release|x86.ActiveCfg = Release|Any CPU
		{1D0BCED1-1C3A-4BE7-9C7D-E79274CED1AD}.Release|x86.Build.0 = Release|Any CPU
		{6F9021D9-7675-446C-9AD0-1F6E4E9C7AA3}.Debug|Any CPU.ActiveCfg = Debug|Any CPU
		{6F9021D9-7675-446C-9AD0-1F6E4E9C7AA3}.Debug|Any CPU.Build.0 = Debug|Any CPU
		{6F9021D9-7675-446C-9AD0-1F6E4E9C7AA3}.Debug|x64.ActiveCfg = Debug|Any CPU
		{6F9021D9-7675-446C-9AD0-1F6E4E9C7AA3}.Debug|x64.Build.0 = Debug|Any CPU
		{6F9021D9-7675-446C-9AD0-1F6E4E9C7AA3}.Debug|x86.ActiveCfg = Debug|Any CPU
		{6F9021D9-7675-446C-9AD0-1F6E4E9C7AA3}.Debug|x86.Build.0 = Debug|Any CPU
		{6F9021D9-7675-446C-9AD0-1F6E4E9C7AA3}.Release|Any CPU.ActiveCfg = Release|Any CPU
		{6F9021D9-7675-446C-9AD0-1F6E4E9C7AA3}.Release|Any CPU.Build.0 = Release|Any CPU
		{6F9021D9-7675-446C-9AD0-1F6E4E9C7AA3}.Release|x64.ActiveCfg = Release|Any CPU
		{6F9021D9-7675-446C-9AD0-1F6E4E9C7AA3}.Release|x64.Build.0 = Release|Any CPU
		{6F9021D9-7675-446C-9AD0-1F6E4E9C7AA3}.Release|x86.ActiveCfg = Release|Any CPU
		{6F9021D9-7675-446C-9AD0-1F6E4E9C7AA3}.Release|x86.Build.0 = Release|Any CPU
		{6ED27450-EBD4-C702-7405-EE784D9DB9D2}.Debug|Any CPU.ActiveCfg = Debug|Any CPU
		{6ED27450-EBD4-C702-7405-EE784D9DB9D2}.Debug|Any CPU.Build.0 = Debug|Any CPU
		{6ED27450-EBD4-C702-7405-EE784D9DB9D2}.Debug|x64.ActiveCfg = Debug|Any CPU
		{6ED27450-EBD4-C702-7405-EE784D9DB9D2}.Debug|x64.Build.0 = Debug|Any CPU
		{6ED27450-EBD4-C702-7405-EE784D9DB9D2}.Debug|x86.ActiveCfg = Debug|Any CPU
		{6ED27450-EBD4-C702-7405-EE784D9DB9D2}.Debug|x86.Build.0 = Debug|Any CPU
		{6ED27450-EBD4-C702-7405-EE784D9DB9D2}.Release|Any CPU.ActiveCfg = Release|Any CPU
		{6ED27450-EBD4-C702-7405-EE784D9DB9D2}.Release|Any CPU.Build.0 = Release|Any CPU
		{6ED27450-EBD4-C702-7405-EE784D9DB9D2}.Release|x64.ActiveCfg = Release|Any CPU
		{6ED27450-EBD4-C702-7405-EE784D9DB9D2}.Release|x64.Build.0 = Release|Any CPU
		{6ED27450-EBD4-C702-7405-EE784D9DB9D2}.Release|x86.ActiveCfg = Release|Any CPU
		{6ED27450-EBD4-C702-7405-EE784D9DB9D2}.Release|x86.Build.0 = Release|Any CPU
		{91A6BDAE-BFED-DDF7-3FB3-DF56F3E83754}.Debug|Any CPU.ActiveCfg = Debug|Any CPU
		{91A6BDAE-BFED-DDF7-3FB3-DF56F3E83754}.Debug|Any CPU.Build.0 = Debug|Any CPU
		{91A6BDAE-BFED-DDF7-3FB3-DF56F3E83754}.Debug|x64.ActiveCfg = Debug|Any CPU
		{91A6BDAE-BFED-DDF7-3FB3-DF56F3E83754}.Debug|x64.Build.0 = Debug|Any CPU
		{91A6BDAE-BFED-DDF7-3FB3-DF56F3E83754}.Debug|x86.ActiveCfg = Debug|Any CPU
		{91A6BDAE-BFED-DDF7-3FB3-DF56F3E83754}.Debug|x86.Build.0 = Debug|Any CPU
		{91A6BDAE-BFED-DDF7-3FB3-DF56F3E83754}.Release|Any CPU.ActiveCfg = Release|Any CPU
		{91A6BDAE-BFED-DDF7-3FB3-DF56F3E83754}.Release|Any CPU.Build.0 = Release|Any CPU
		{91A6BDAE-BFED-DDF7-3FB3-DF56F3E83754}.Release|x64.ActiveCfg = Release|Any CPU
		{91A6BDAE-BFED-DDF7-3FB3-DF56F3E83754}.Release|x64.Build.0 = Release|Any CPU
		{91A6BDAE-BFED-DDF7-3FB3-DF56F3E83754}.Release|x86.ActiveCfg = Release|Any CPU
		{91A6BDAE-BFED-DDF7-3FB3-DF56F3E83754}.Release|x86.Build.0 = Release|Any CPU
		{77A1D790-50D1-AEA0-6A79-92F0F135AC44}.Debug|Any CPU.ActiveCfg = Debug|Any CPU
		{77A1D790-50D1-AEA0-6A79-92F0F135AC44}.Debug|Any CPU.Build.0 = Debug|Any CPU
		{77A1D790-50D1-AEA0-6A79-92F0F135AC44}.Debug|x64.ActiveCfg = Debug|Any CPU
		{77A1D790-50D1-AEA0-6A79-92F0F135AC44}.Debug|x64.Build.0 = Debug|Any CPU
		{77A1D790-50D1-AEA0-6A79-92F0F135AC44}.Debug|x86.ActiveCfg = Debug|Any CPU
		{77A1D790-50D1-AEA0-6A79-92F0F135AC44}.Debug|x86.Build.0 = Debug|Any CPU
		{77A1D790-50D1-AEA0-6A79-92F0F135AC44}.Release|Any CPU.ActiveCfg = Release|Any CPU
		{77A1D790-50D1-AEA0-6A79-92F0F135AC44}.Release|Any CPU.Build.0 = Release|Any CPU
		{77A1D790-50D1-AEA0-6A79-92F0F135AC44}.Release|x64.ActiveCfg = Release|Any CPU
		{77A1D790-50D1-AEA0-6A79-92F0F135AC44}.Release|x64.Build.0 = Release|Any CPU
		{77A1D790-50D1-AEA0-6A79-92F0F135AC44}.Release|x86.ActiveCfg = Release|Any CPU
		{77A1D790-50D1-AEA0-6A79-92F0F135AC44}.Release|x86.Build.0 = Release|Any CPU
	EndGlobalSection
	GlobalSection(SolutionProperties) = preSolution
		HideSolutionNode = FALSE
	EndGlobalSection
	GlobalSection(ExtensibilityGlobals) = postSolution
		SolutionGuid = {5217D605-7B40-40F0-9FD6-2A9D5D23268D}
	EndGlobalSection
EndGlobal
